
Microsoft Visual Studio Solution File, Format Version 12.00
# Visual Studio Version 16
VisualStudioVersion = 16.0.29009.5
MinimumVisualStudioVersion = 10.0.40219.1
Project("{FAE04EC0-301F-11D3-BF4B-00C04F79EFBC}") = "MyMNGR", "MyMNGR.csproj", "{CC910F92-1BDC-4CFA-9D6A-8E81915480AF}"
EndProject
Global
	GlobalSection(SolutionConfigurationPlatforms) = preSolution
		Debug|Any CPU = Debug|Any CPU
		Release|Any CPU = Release|Any CPU
	EndGlobalSection
	GlobalSection(ProjectConfigurationPlatforms) = postSolution
		{CC910F92-1BDC-4CFA-9D6A-8E81915480AF}.Debug|Any CPU.ActiveCfg = Debug|Any CPU
		{CC910F92-1BDC-4CFA-9D6A-8E81915480AF}.Debug|Any CPU.Build.0 = Debug|Any CPU
		{CC910F92-1BDC-4CFA-9D6A-8E81915480AF}.Release|Any CPU.ActiveCfg = Release|Any CPU
		{CC910F92-1BDC-4CFA-9D6A-8E81915480AF}.Release|Any CPU.Build.0 = Release|Any CPU
	EndGlobalSection
	GlobalSection(SolutionProperties) = preSolution
		HideSolutionNode = FALSE
	EndGlobalSection
	GlobalSection(ExtensibilityGlobals) = postSolution
		SolutionGuid = {129440A5-166B-4EAB-B003-095B590C63AE}
	EndGlobalSection
EndGlobal
